
Microsoft Visual Studio Solution File, Format Version 12.00
# Visual Studio Version 17
VisualStudioVersion = 17.13.35806.99 d17.13
MinimumVisualStudioVersion = 10.0.40219.1
Project("{FAE04EC0-301F-11D3-BF4B-00C04F79EFBC}") = "AnimalAbstarctclassAndPolymor", "AnimalAbstarctclassAndPolymor.csproj", "{88CBBBEA-F4C3-4A65-A344-332785847185}"
EndProject
Global
	GlobalSection(SolutionConfigurationPlatforms) = preSolution
		Debug|Any CPU = Debug|Any CPU
		Release|Any CPU = Release|Any CPU
	EndGlobalSection
	GlobalSection(ProjectConfigurationPlatforms) = postSolution
		{88CBBBEA-F4C3-4A65-A344-332785847185}.Debug|Any CPU.ActiveCfg = Debug|Any CPU
		{88CBBBEA-F4C3-4A65-A344-332785847185}.Debug|Any CPU.Build.0 = Debug|Any CPU
		{88CBBBEA-F4C3-4A65-A344-332785847185}.Release|Any CPU.ActiveCfg = Release|Any CPU
		{88CBBBEA-F4C3-4A65-A344-332785847185}.Release|Any CPU.Build.0 = Release|Any CPU
	EndGlobalSection
	GlobalSection(SolutionProperties) = preSolution
		HideSolutionNode = FALSE
	EndGlobalSection
	GlobalSection(ExtensibilityGlobals) = postSolution
		SolutionGuid = {F7D88136-DAE9-4367-A5C6-A3858F2E4725}
	EndGlobalSection
EndGlobal
