
Microsoft Visual Studio Solution File, Format Version 12.00
# Visual Studio Version 17
VisualStudioVersion = 17.13.35806.99 d17.13
MinimumVisualStudioVersion = 10.0.40219.1
Project("{FAE04EC0-301F-11D3-BF4B-00C04F79EFBC}") = "MultipleInheritanceUsingInterface", "MultipleInheritanceUsingInterface.csproj", "{B3A1B53C-6B89-4CCD-A4EB-D513D4787D2F}"
EndProject
Global
	GlobalSection(SolutionConfigurationPlatforms) = preSolution
		Debug|Any CPU = Debug|Any CPU
		Release|Any CPU = Release|Any CPU
	EndGlobalSection
	GlobalSection(ProjectConfigurationPlatforms) = postSolution
		{B3A1B53C-6B89-4CCD-A4EB-D513D4787D2F}.Debug|Any CPU.ActiveCfg = Debug|Any CPU
		{B3A1B53C-6B89-4CCD-A4EB-D513D4787D2F}.Debug|Any CPU.Build.0 = Debug|Any CPU
		{B3A1B53C-6B89-4CCD-A4EB-D513D4787D2F}.Release|Any CPU.ActiveCfg = Release|Any CPU
		{B3A1B53C-6B89-4CCD-A4EB-D513D4787D2F}.Release|Any CPU.Build.0 = Release|Any CPU
	EndGlobalSection
	GlobalSection(SolutionProperties) = preSolution
		HideSolutionNode = FALSE
	EndGlobalSection
	GlobalSection(ExtensibilityGlobals) = postSolution
		SolutionGuid = {73636A7F-A412-4791-A08A-55CFCEB71A2D}
	EndGlobalSection
EndGlobal
