
Microsoft Visual Studio Solution File, Format Version 12.00
# Visual Studio Version 17
VisualStudioVersion = 17.13.35806.99 d17.13
MinimumVisualStudioVersion = 10.0.40219.1
Project("{FAE04EC0-301F-11D3-BF4B-00C04F79EFBC}") = "UpcastingandDowncasting", "UpcastingandDowncasting.csproj", "{A98CAA57-A22D-4003-B0A2-CA63E59C8A75}"
EndProject
Global
	GlobalSection(SolutionConfigurationPlatforms) = preSolution
		Debug|Any CPU = Debug|Any CPU
		Release|Any CPU = Release|Any CPU
	EndGlobalSection
	GlobalSection(ProjectConfigurationPlatforms) = postSolution
		{A98CAA57-A22D-4003-B0A2-CA63E59C8A75}.Debug|Any CPU.ActiveCfg = Debug|Any CPU
		{A98CAA57-A22D-4003-B0A2-CA63E59C8A75}.Debug|Any CPU.Build.0 = Debug|Any CPU
		{A98CAA57-A22D-4003-B0A2-CA63E59C8A75}.Release|Any CPU.ActiveCfg = Release|Any CPU
		{A98CAA57-A22D-4003-B0A2-CA63E59C8A75}.Release|Any CPU.Build.0 = Release|Any CPU
	EndGlobalSection
	GlobalSection(SolutionProperties) = preSolution
		HideSolutionNode = FALSE
	EndGlobalSection
	GlobalSection(ExtensibilityGlobals) = postSolution
		SolutionGuid = {7CD5E181-33CD-47C5-AA11-7366409E040A}
	EndGlobalSection
EndGlobal
